
Microsoft Visual Studio Solution File, Format Version 12.00
# Visual Studio Version 17
VisualStudioVersion = 17.10.35013.160
MinimumVisualStudioVersion = 10.0.40219.1
Project("{FAE04EC0-301F-11D3-BF4B-00C04F79EFBC}") = "GraTerenowa", "GraTerenowa\GraTerenowa.csproj", "{BB110813-52EC-4880-B282-8B9DF497535D}"
EndProject
Global
	GlobalSection(SolutionConfigurationPlatforms) = preSolution
		Debug|Any CPU = Debug|Any CPU
		Release|Any CPU = Release|Any CPU
	EndGlobalSection
	GlobalSection(ProjectConfigurationPlatforms) = postSolution
		{BB110813-52EC-4880-B282-8B9DF497535D}.Debug|Any CPU.ActiveCfg = Debug|Any CPU
		{BB110813-52EC-4880-B282-8B9DF497535D}.Debug|Any CPU.Build.0 = Debug|Any CPU
		{BB110813-52EC-4880-B282-8B9DF497535D}.Debug|Any CPU.Deploy.0 = Debug|Any CPU
		{BB110813-52EC-4880-B282-8B9DF497535D}.Release|Any CPU.ActiveCfg = Release|Any CPU
		{BB110813-52EC-4880-B282-8B9DF497535D}.Release|Any CPU.Build.0 = Release|Any CPU
		{BB110813-52EC-4880-B282-8B9DF497535D}.Release|Any CPU.Deploy.0 = Release|Any CPU
	EndGlobalSection
	GlobalSection(SolutionProperties) = preSolution
		HideSolutionNode = FALSE
	EndGlobalSection
	GlobalSection(ExtensibilityGlobals) = postSolution
		SolutionGuid = {0B22D038-EA74-4512-802C-3A5C2E77C49F}
	EndGlobalSection
EndGlobal
